// !$*UTF8*$!
{
	archiveVersion = 1;
	classes = {
	};
	objectVersion = 46;
	objects = {

/* Begin PBXBuildFile section */
		3287C96919AEAE11002A83AF /* Foundation.framework in Frameworks */ = {isa = PBXBuildFile; fileRef = 3287C96819AEAE11002A83AF /* Foundation.framework */; };
		3287C96B19AEAE11002A83AF /* CoreGraphics.framework in Frameworks */ = {isa = PBXBuildFile; fileRef = 3287C96A19AEAE11002A83AF /* CoreGraphics.framework */; };
		3287C96D19AEAE11002A83AF /* UIKit.framework in Frameworks */ = {isa = PBXBuildFile; fileRef = 3287C96C19AEAE11002A83AF /* UIKit.framework */; };
		3287C97319AEAE11002A83AF /* InfoPlist.strings in Resources */ = {isa = PBXBuildFile; fileRef = 3287C97119AEAE11002A83AF /* InfoPlist.strings */; };
		3287C97519AEAE11002A83AF /* main.m in Sources */ = {isa = PBXBuildFile; fileRef = 3287C97419AEAE11002A83AF /* main.m */; };
		3287C97919AEAE11002A83AF /* AppDelegate.m in Sources */ = {isa = PBXBuildFile; fileRef = 3287C97819AEAE11002A83AF /* AppDelegate.m */; };
		3287C97C19AEAE11002A83AF /* Main.storyboard in Resources */ = {isa = PBXBuildFile; fileRef = 3287C97A19AEAE11002A83AF /* Main.storyboard */; };
		3287C97F19AEAE11002A83AF /* ViewController.m in Sources */ = {isa = PBXBuildFile; fileRef = 3287C97E19AEAE11002A83AF /* ViewController.m */; };
		3287C98119AEAE11002A83AF /* Images.xcassets in Resources */ = {isa = PBXBuildFile; fileRef = 3287C98019AEAE11002A83AF /* Images.xcassets */; };
		3287C98819AEAE11002A83AF /* XCTest.framework in Frameworks */ = {isa = PBXBuildFile; fileRef = 3287C98719AEAE11002A83AF /* XCTest.framework */; };
		3287C98919AEAE11002A83AF /* Foundation.framework in Frameworks */ = {isa = PBXBuildFile; fileRef = 3287C96819AEAE11002A83AF /* Foundation.framework */; };
		3287C98A19AEAE11002A83AF /* UIKit.framework in Frameworks */ = {isa = PBXBuildFile; fileRef = 3287C96C19AEAE11002A83AF /* UIKit.framework */; };
		3287C99219AEAE11002A83AF /* InfoPlist.strings in Resources */ = {isa = PBXBuildFile; fileRef = 3287C99019AEAE11002A83AF /* InfoPlist.strings */; };
		3287C99419AEAE11002A83AF /* hopspotTests.m in Sources */ = {isa = PBXBuildFile; fileRef = 3287C99319AEAE11002A83AF /* hopspotTests.m */; };
/* End PBXBuildFile section */

/* Begin PBXContainerItemProxy section */
		3287C98B19AEAE11002A83AF /* PBXContainerItemProxy */ = {
			isa = PBXContainerItemProxy;
			containerPortal = 3287C95D19AEAE10002A83AF /* Project object */;
			proxyType = 1;
			remoteGlobalIDString = 3287C96419AEAE10002A83AF;
			remoteInfo = hopspot;
		};
/* End PBXContainerItemProxy section */

/* Begin PBXFileReference section */
		3287C96519AEAE10002A83AF /* hopspot.app */ = {isa = PBXFileReference; explicitFileType = wrapper.application; includeInIndex = 0; path = hopspot.app; sourceTree = BUILT_PRODUCTS_DIR; };
		3287C96819AEAE11002A83AF /* Foundation.framework */ = {isa = PBXFileReference; lastKnownFileType = wrapper.framework; name = Foundation.framework; path = System/Library/Frameworks/Foundation.framework; sourceTree = SDKROOT; };
		3287C96A19AEAE11002A83AF /* CoreGraphics.framework */ = {isa = PBXFileReference; lastKnownFileType = wrapper.framework; name = CoreGraphics.framework; path = System/Library/Frameworks/CoreGraphics.framework; sourceTree = SDKROOT; };
		3287C96C19AEAE11002A83AF /* UIKit.framework */ = {isa = PBXFileReference; lastKnownFileType = wrapper.framework; name = UIKit.framework; path = System/Library/Frameworks/UIKit.framework; sourceTree = SDKROOT; };
		3287C97019AEAE11002A83AF /* hopspot-Info.plist */ = {isa = PBXFileReference; lastKnownFileType = text.plist.xml; path = "hopspot-Info.plist"; sourceTree = "<group>"; };
		3287C97219AEAE11002A83AF /* en */ = {isa = PBXFileReference; lastKnownFileType = text.plist.strings; name = en; path = en.lproj/InfoPlist.strings; sourceTree = "<group>"; };
		3287C97419AEAE11002A83AF /* main.m */ = {isa = PBXFileReference; lastKnownFileType = sourcecode.c.objc; path = main.m; sourceTree = "<group>"; };
		3287C97619AEAE11002A83AF /* hopspot-Prefix.pch */ = {isa = PBXFileReference; lastKnownFileType = sourcecode.c.h; path = "hopspot-Prefix.pch"; sourceTree = "<group>"; };
		3287C97719AEAE11002A83AF /* AppDelegate.h */ = {isa = PBXFileReference; lastKnownFileType = sourcecode.c.h; path = AppDelegate.h; sourceTree = "<group>"; };
		3287C97819AEAE11002A83AF /* AppDelegate.m */ = {isa = PBXFileReference; lastKnownFileType = sourcecode.c.objc; path = AppDelegate.m; sourceTree = "<group>"; };
		3287C97B19AEAE11002A83AF /* Base */ = {isa = PBXFileReference; lastKnownFileType = file.storyboard; name = Base; path = Base.lproj/Main.storyboard; sourceTree = "<group>"; };
		3287C97D19AEAE11002A83AF /* ViewController.h */ = {isa = PBXFileReference; lastKnownFileType = sourcecode.c.h; path = ViewController.h; sourceTree = "<group>"; };
		3287C97E19AEAE11002A83AF /* ViewController.m */ = {isa = PBXFileReference; lastKnownFileType = sourcecode.c.objc; path = ViewController.m; sourceTree = "<group>"; };
		3287C98019AEAE11002A83AF /* Images.xcassets */ = {isa = PBXFileReference; lastKnownFileType = folder.assetcatalog; path = Images.xcassets; sourceTree = "<group>"; };
		3287C98619AEAE11002A83AF /* hopspotTests.xctest */ = {isa = PBXFileReference; explicitFileType = wrapper.cfbundle; includeInIndex = 0; path = hopspotTests.xctest; sourceTree = BUILT_PRODUCTS_DIR; };
		3287C98719AEAE11002A83AF /* XCTest.framework */ = {isa = PBXFileReference; lastKnownFileType = wrapper.framework; name = XCTest.framework; path = Library/Frameworks/XCTest.framework; sourceTree = DEVELOPER_DIR; };
		3287C98F19AEAE11002A83AF /* hopspotTests-Info.plist */ = {isa = PBXFileReference; lastKnownFileType = text.plist.xml; path = "hopspotTests-Info.plist"; sourceTree = "<group>"; };
		3287C99119AEAE11002A83AF /* en */ = {isa = PBXFileReference; lastKnownFileType = text.plist.strings; name = en; path = en.lproj/InfoPlist.strings; sourceTree = "<group>"; };
		3287C99319AEAE11002A83AF /* hopspotTests.m */ = {isa = PBXFileReference; lastKnownFileType = sourcecode.c.objc; path = hopspotTests.m; sourceTree = "<group>"; };
/* End PBXFileReference section */

/* Begin PBXFrameworksBuildPhase section */
		3287C96219AEAE10002A83AF /* Frameworks */ = {
			isa = PBXFrameworksBuildPhase;
			buildActionMask = 2147483647;
			files = (
				3287C96B19AEAE11002A83AF /* CoreGraphics.framework in Frameworks */,
				3287C96D19AEAE11002A83AF /* UIKit.framework in Frameworks */,
				3287C96919AEAE11002A83AF /* Foundation.framework in Frameworks */,
			);
			runOnlyForDeploymentPostprocessing = 0;
		};
		3287C98319AEAE11002A83AF /* Frameworks */ = {
			isa = PBXFrameworksBuildPhase;
			buildActionMask = 2147483647;
			files = (
				3287C98819AEAE11002A83AF /* XCTest.framework in Frameworks */,
				3287C98A19AEAE11002A83AF /* UIKit.framework in Frameworks */,
				3287C98919AEAE11002A83AF /* Foundation.framework in Frameworks */,
			);
			runOnlyForDeploymentPostprocessing = 0;
		};
/* End PBXFrameworksBuildPhase section */

/* Begin PBXGroup section */
		3287C95C19AEAE10002A83AF = {
			isa = PBXGroup;
			children = (
				3287C96E19AEAE11002A83AF /* hopspot */,
				3287C98D19AEAE11002A83AF /* hopspotTests */,
				3287C96719AEAE10002A83AF /* Frameworks */,
				3287C96619AEAE10002A83AF /* Products */,
			);
			sourceTree = "<group>";
		};
		3287C96619AEAE10002A83AF /* Products */ = {
			isa = PBXGroup;
			children = (
				3287C96519AEAE10002A83AF /* hopspot.app */,
				3287C98619AEAE11002A83AF /* hopspotTests.xctest */,
			);
			name = Products;
			sourceTree = "<group>";
		};
		3287C96719AEAE10002A83AF /* Frameworks */ = {
			isa = PBXGroup;
			children = (
				3287C96819AEAE11002A83AF /* Foundation.framework */,
				3287C96A19AEAE11002A83AF /* CoreGraphics.framework */,
				3287C96C19AEAE11002A83AF /* UIKit.framework */,
				3287C98719AEAE11002A83AF /* XCTest.framework */,
			);
			name = Frameworks;
			sourceTree = "<group>";
		};
		3287C96E19AEAE11002A83AF /* hopspot */ = {
			isa = PBXGroup;
			children = (
				3287C97719AEAE11002A83AF /* AppDelegate.h */,
				3287C97819AEAE11002A83AF /* AppDelegate.m */,
				3287C97A19AEAE11002A83AF /* Main.storyboard */,
				3287C97D19AEAE11002A83AF /* ViewController.h */,
				3287C97E19AEAE11002A83AF /* ViewController.m */,
				3287C98019AEAE11002A83AF /* Images.xcassets */,
				3287C96F19AEAE11002A83AF /* Supporting Files */,
			);
			path = hopspot;
			sourceTree = "<group>";
		};
		3287C96F19AEAE11002A83AF /* Supporting Files */ = {
			isa = PBXGroup;
			children = (
				3287C97019AEAE11002A83AF /* hopspot-Info.plist */,
				3287C97119AEAE11002A83AF /* InfoPlist.strings */,
				3287C97419AEAE11002A83AF /* main.m */,
				3287C97619AEAE11002A83AF /* hopspot-Prefix.pch */,
			);
			name = "Supporting Files";
			sourceTree = "<group>";
		};
		3287C98D19AEAE11002A83AF /* hopspotTests */ = {
			isa = PBXGroup;
			children = (
				3287C99319AEAE11002A83AF /* hopspotTests.m */,
				3287C98E19AEAE11002A83AF /* Supporting Files */,
			);
			path = hopspotTests;
			sourceTree = "<group>";
		};
		3287C98E19AEAE11002A83AF /* Supporting Files */ = {
			isa = PBXGroup;
			children = (
				3287C98F19AEAE11002A83AF /* hopspotTests-Info.plist */,
				3287C99019AEAE11002A83AF /* InfoPlist.strings */,
			);
			name = "Supporting Files";
			sourceTree = "<group>";
		};
/* End PBXGroup section */

/* Begin PBXNativeTarget section */
		3287C96419AEAE10002A83AF /* hopspot */ = {
			isa = PBXNativeTarget;
			buildConfigurationList = 3287C99719AEAE11002A83AF /* Build configuration list for PBXNativeTarget "hopspot" */;
			buildPhases = (
				3287C96119AEAE10002A83AF /* Sources */,
				3287C96219AEAE10002A83AF /* Frameworks */,
				3287C96319AEAE10002A83AF /* Resources */,
			);
			buildRules = (
			);
			dependencies = (
			);
			name = hopspot;
			productName = hopspot;
			productReference = 3287C96519AEAE10002A83AF /* hopspot.app */;
			productType = "com.apple.product-type.application";
		};
		3287C98519AEAE11002A83AF /* hopspotTests */ = {
			isa = PBXNativeTarget;
			buildConfigurationList = 3287C99A19AEAE11002A83AF /* Build configuration list for PBXNativeTarget "hopspotTests" */;
			buildPhases = (
				3287C98219AEAE11002A83AF /* Sources */,
				3287C98319AEAE11002A83AF /* Frameworks */,
				3287C98419AEAE11002A83AF /* Resources */,
			);
			buildRules = (
			);
			dependencies = (
				3287C98C19AEAE11002A83AF /* PBXTargetDependency */,
			);
			name = hopspotTests;
			productName = hopspotTests;
			productReference = 3287C98619AEAE11002A83AF /* hopspotTests.xctest */;
			productType = "com.apple.product-type.bundle.unit-test";
		};
/* End PBXNativeTarget section */

/* Begin PBXProject section */
		3287C95D19AEAE10002A83AF /* Project object */ = {
			isa = PBXProject;
			attributes = {
				LastUpgradeCheck = 0510;
				ORGANIZATIONNAME = "___hopspotproductions___";
				TargetAttributes = {
					3287C98519AEAE11002A83AF = {
						TestTargetID = 3287C96419AEAE10002A83AF;
					};
				};
			};
			buildConfigurationList = 3287C96019AEAE10002A83AF /* Build configuration list for PBXProject "hopspot" */;
			compatibilityVersion = "Xcode 3.2";
			developmentRegion = English;
			hasScannedForEncodings = 0;
			knownRegions = (
				en,
				Base,
			);
			mainGroup = 3287C95C19AEAE10002A83AF;
			productRefGroup = 3287C96619AEAE10002A83AF /* Products */;
			projectDirPath = "";
			projectRoot = "";
			targets = (
				3287C96419AEAE10002A83AF /* hopspot */,
				3287C98519AEAE11002A83AF /* hopspotTests */,
			);
		};
/* End PBXProject section */

/* Begin PBXResourcesBuildPhase section */
		3287C96319AEAE10002A83AF /* Resources */ = {
			isa = PBXResourcesBuildPhase;
			buildActionMask = 2147483647;
			files = (
				3287C98119AEAE11002A83AF /* Images.xcassets in Resources */,
				3287C97319AEAE11002A83AF /* InfoPlist.strings in Resources */,
				3287C97C19AEAE11002A83AF /* Main.storyboard in Resources */,
			);
			runOnlyForDeploymentPostprocessing = 0;
		};
		3287C98419AEAE11002A83AF /* Resources */ = {
			isa = PBXResourcesBuildPhase;
			buildActionMask = 2147483647;
			files = (
				3287C99219AEAE11002A83AF /* InfoPlist.strings in Resources */,
			);
			runOnlyForDeploymentPostprocessing = 0;
		};
/* End PBXResourcesBuildPhase section */

/* Begin PBXSourcesBuildPhase section */
		3287C96119AEAE10002A83AF /* Sources */ = {
			isa = PBXSourcesBuildPhase;
			buildActionMask = 2147483647;
			files = (
				3287C97F19AEAE11002A83AF /* ViewController.m in Sources */,
				3287C97919AEAE11002A83AF /* AppDelegate.m in Sources */,
				3287C97519AEAE11002A83AF /* main.m in Sources */,
			);
			runOnlyForDeploymentPostprocessing = 0;
		};
		3287C98219AEAE11002A83AF /* Sources */ = {
			isa = PBXSourcesBuildPhase;
			buildActionMask = 2147483647;
			files = (
				3287C99419AEAE11002A83AF /* hopspotTests.m in Sources */,
			);
			runOnlyForDeploymentPostprocessing = 0;
		};
/* End PBXSourcesBuildPhase section */

/* Begin PBXTargetDependency section */
		3287C98C19AEAE11002A83AF /* PBXTargetDependency */ = {
			isa = PBXTargetDependency;
			target = 3287C96419AEAE10002A83AF /* hopspot */;
			targetProxy = 3287C98B19AEAE11002A83AF /* PBXContainerItemProxy */;
		};
/* End PBXTargetDependency section */

/* Begin PBXVariantGroup section */
		3287C97119AEAE11002A83AF /* InfoPlist.strings */ = {
			isa = PBXVariantGroup;
			children = (
				3287C97219AEAE11002A83AF /* en */,
			);
			name = InfoPlist.strings;
			sourceTree = "<group>";
		};
		3287C97A19AEAE11002A83AF /* Main.storyboard */ = {
			isa = PBXVariantGroup;
			children = (
				3287C97B19AEAE11002A83AF /* Base */,
			);
			name = Main.storyboard;
			sourceTree = "<group>";
		};
		3287C99019AEAE11002A83AF /* InfoPlist.strings */ = {
			isa = PBXVariantGroup;
			children = (
				3287C99119AEAE11002A83AF /* en */,
			);
			name = InfoPlist.strings;
			sourceTree = "<group>";
		};
/* End PBXVariantGroup section */

/* Begin XCBuildConfiguration section */
		3287C99519AEAE11002A83AF /* Debug */ = {
			isa = XCBuildConfiguration;
			buildSettings = {
				ALWAYS_SEARCH_USER_PATHS = NO;
				CLANG_CXX_LANGUAGE_STANDARD = "gnu++0x";
				CLANG_CXX_LIBRARY = "libc++";
				CLANG_ENABLE_MODULES = YES;
				CLANG_ENABLE_OBJC_ARC = YES;
				CLANG_WARN_BOOL_CONVERSION = YES;
				CLANG_WARN_CONSTANT_CONVERSION = YES;
				CLANG_WARN_DIRECT_OBJC_ISA_USAGE = YES_ERROR;
				CLANG_WARN_EMPTY_BODY = YES;
				CLANG_WARN_ENUM_CONVERSION = YES;
				CLANG_WARN_INT_CONVERSION = YES;
				CLANG_WARN_OBJC_ROOT_CLASS = YES_ERROR;
				CLANG_WARN__DUPLICATE_METHOD_MATCH = YES;
				"CODE_SIGN_IDENTITY[sdk=iphoneos*]" = "iPhone Developer";
				COPY_PHASE_STRIP = NO;
				GCC_C_LANGUAGE_STANDARD = gnu99;
				GCC_DYNAMIC_NO_PIC = NO;
				GCC_OPTIMIZATION_LEVEL = 0;
				GCC_PREPROCESSOR_DEFINITIONS = (
					"DEBUG=1",
					"$(inherited)",
				);
				GCC_SYMBOLS_PRIVATE_EXTERN = NO;
				GCC_WARN_64_TO_32_BIT_CONVERSION = YES;
				GCC_WARN_ABOUT_RETURN_TYPE = YES_ERROR;
				GCC_WARN_UNDECLARED_SELECTOR = YES;
				GCC_WARN_UNINITIALIZED_AUTOS = YES_AGGRESSIVE;
				GCC_WARN_UNUSED_FUNCTION = YES;
				GCC_WARN_UNUSED_VARIABLE = YES;
				IPHONEOS_DEPLOYMENT_TARGET = 7.1;
				ONLY_ACTIVE_ARCH = YES;
				SDKROOT = iphoneos;
			};
			name = Debug;
		};
		3287C99619AEAE11002A83AF /* Release */ = {
			isa = XCBuildConfiguration;
			buildSettings = {
				ALWAYS_SEARCH_USER_PATHS = NO;
				CLANG_CXX_LANGUAGE_STANDARD = "gnu++0x";
				CLANG_CXX_LIBRARY = "libc++";
				CLANG_ENABLE_MODULES = YES;
				CLANG_ENABLE_OBJC_ARC = YES;
				CLANG_WARN_BOOL_CONVERSION = YES;
				CLANG_WARN_CONSTANT_CONVERSION = YES;
				CLANG_WARN_DIRECT_OBJC_ISA_USAGE = YES_ERROR;
				CLANG_WARN_EMPTY_BODY = YES;
				CLANG_WARN_ENUM_CONVERSION = YES;
				CLANG_WARN_INT_CONVERSION = YES;
				CLANG_WARN_OBJC_ROOT_CLASS = YES_ERROR;
				CLANG_WARN__DUPLICATE_METHOD_MATCH = YES;
				"CODE_SIGN_IDENTITY[sdk=iphoneos*]" = "iPhone Developer";
				COPY_PHASE_STRIP = YES;
				ENABLE_NS_ASSERTIONS = NO;
				GCC_C_LANGUAGE_STANDARD = gnu99;
				GCC_WARN_64_TO_32_BIT_CONVERSION = YES;
				GCC_WARN_ABOUT_RETURN_TYPE = YES_ERROR;
				GCC_WARN_UNDECLARED_SELECTOR = YES;
				GCC_WARN_UNINITIALIZED_AUTOS = YES_AGGRESSIVE;
				GCC_WARN_UNUSED_FUNCTION = YES;
				GCC_WARN_UNUSED_VARIABLE = YES;
				IPHONEOS_DEPLOYMENT_TARGET = 7.1;
				SDKROOT = iphoneos;
				VALIDATE_PRODUCT = YES;
			};
			name = Release;
		};
		3287C99819AEAE11002A83AF /* Debug */ = {
			isa = XCBuildConfiguration;
			buildSettings = {
				ASSETCATALOG_COMPILER_APPICON_NAME = AppIcon;
				ASSETCATALOG_COMPILER_LAUNCHIMAGE_NAME = LaunchImage;
				GCC_PRECOMPILE_PREFIX_HEADER = YES;
				GCC_PREFIX_HEADER = "hopspot/hopspot-Prefix.pch";
				INFOPLIST_FILE = "hopspot/hopspot-Info.plist";
				PRODUCT_NAME = "$(TARGET_NAME)";
				WRAPPER_EXTENSION = app;
			};
			name = Debug;
		};
		3287C99919AEAE11002A83AF /* Release */ = {
			isa = XCBuildConfiguration;
			buildSettings = {
				ASSETCATALOG_COMPILER_APPICON_NAME = AppIcon;
				ASSETCATALOG_COMPILER_LAUNCHIMAGE_NAME = LaunchImage;
				GCC_PRECOMPILE_PREFIX_HEADER = YES;
				GCC_PREFIX_HEADER = "hopspot/hopspot-Prefix.pch";
				INFOPLIST_FILE = "hopspot/hopspot-Info.plist";
				PRODUCT_NAME = "$(TARGET_NAME)";
				WRAPPER_EXTENSION = app;
			};
			name = Release;
		};
		3287C99B19AEAE11002A83AF /* Debug */ = {
			isa = XCBuildConfiguration;
			buildSettings = {
				BUNDLE_LOADER = "$(BUILT_PRODUCTS_DIR)/hopspot.app/hopspot";
				FRAMEWORK_SEARCH_PATHS = (
					"$(SDKROOT)/Developer/Library/Frameworks",
					"$(inherited)",
					"$(DEVELOPER_FRAMEWORKS_DIR)",
				);
				GCC_PRECOMPILE_PREFIX_HEADER = YES;
				GCC_PREFIX_HEADER = "hopspot/hopspot-Prefix.pch";
				GCC_PREPROCESSOR_DEFINITIONS = (
					"DEBUG=1",
					"$(inherited)",
				);
				INFOPLIST_FILE = "hopspotTests/hopspotTests-Info.plist";
				PRODUCT_NAME = "$(TARGET_NAME)";
				TEST_HOST = "$(BUNDLE_LOADER)";
				WRAPPER_EXTENSION = xctest;
			};
			name = Debug;
		};
		3287C99C19AEAE11002A83AF /* Release */ = {
			isa = XCBuildConfiguration;
			buildSettings = {
				BUNDLE_LOADER = "$(BUILT_PRODUCTS_DIR)/hopspot.app/hopspot";
				FRAMEWORK_SEARCH_PATHS = (
					"$(SDKROOT)/Developer/Library/Frameworks",
					"$(inherited)",
					"$(DEVELOPER_FRAMEWORKS_DIR)",
				);
				GCC_PRECOMPILE_PREFIX_HEADER = YES;
				GCC_PREFIX_HEADER = "hopspot/hopspot-Prefix.pch";
				INFOPLIST_FILE = "hopspotTests/hopspotTests-Info.plist";
				PRODUCT_NAME = "$(TARGET_NAME)";
				TEST_HOST = "$(BUNDLE_LOADER)";
				WRAPPER_EXTENSION = xctest;
			};
			name = Release;
		};
/* End XCBuildConfiguration section */

/* Begin XCConfigurationList section */
		3287C96019AEAE10002A83AF /* Build configuration list for PBXProject "hopspot" */ = {
			isa = XCConfigurationList;
			buildConfigurations = (
				3287C99519AEAE11002A83AF /* Debug */,
				3287C99619AEAE11002A83AF /* Release */,
			);
			defaultConfigurationIsVisible = 0;
			defaultConfigurationName = Release;
		};
		3287C99719AEAE11002A83AF /* Build configuration list for PBXNativeTarget "hopspot" */ = {
			isa = XCConfigurationList;
			buildConfigurations = (
				3287C99819AEAE11002A83AF /* Debug */,
				3287C99919AEAE11002A83AF /* Release */,
			);
			defaultConfigurationIsVisible = 0;
		};
		3287C99A19AEAE11002A83AF /* Build configuration list for PBXNativeTarget "hopspotTests" */ = {
			isa = XCConfigurationList;
			buildConfigurations = (
				3287C99B19AEAE11002A83AF /* Debug */,
				3287C99C19AEAE11002A83AF /* Release */,
			);
			defaultConfigurationIsVisible = 0;
		};
/* End XCConfigurationList section */
	};
	rootObject = 3287C95D19AEAE10002A83AF /* Project object */;
}
